// !$*UTF8*$!
{
	archiveVersion = 1;
	classes = {
	};
	objectVersion = 46;
	objects = {

/* Begin PBXBuildFile section */
		9342A87921BDFA1F00657FA7 /* utils.cpp in Sources */ = {isa = PBXBuildFile; fileRef = 93A61C5B21BB325600364A03 /* utils.cpp */; };
		9342A87C21BE116A00657FA7 /* dtafilter.cpp in Sources */ = {isa = PBXBuildFile; fileRef = 9342A87A21BE116900657FA7 /* dtafilter.cpp */; };
		9342A87D21BE1EB400657FA7 /* scanData.cpp in Sources */ = {isa = PBXBuildFile; fileRef = 93A61C5A21BB325600364A03 /* scanData.cpp */; };
		9342A87E21BEEC0200657FA7 /* peptide.cpp in Sources */ = {isa = PBXBuildFile; fileRef = 93A61C6021BB325600364A03 /* peptide.cpp */; };
		9342A87F21BEEECC00657FA7 /* aaDB.cpp in Sources */ = {isa = PBXBuildFile; fileRef = 93A61C5D21BB325600364A03 /* aaDB.cpp */; };
		9342A88021BEEEDC00657FA7 /* sequestParams.cpp in Sources */ = {isa = PBXBuildFile; fileRef = 93A61C5E21BB325600364A03 /* sequestParams.cpp */; };
		9342A88121BF056800657FA7 /* ms2.cpp in Sources */ = {isa = PBXBuildFile; fileRef = 93A61C6321BB325600364A03 /* ms2.cpp */; };
		9342A88221BF058100657FA7 /* ms2Spectrum.cpp in Sources */ = {isa = PBXBuildFile; fileRef = 93A61C6121BB325600364A03 /* ms2Spectrum.cpp */; };
		9342A88321BF059100657FA7 /* calcLableLocs.cpp in Sources */ = {isa = PBXBuildFile; fileRef = 93A61C6221BB325600364A03 /* calcLableLocs.cpp */; };
		9342A88421BF05A200657FA7 /* geometry.cpp in Sources */ = {isa = PBXBuildFile; fileRef = 93A61C5C21BB325600364A03 /* geometry.cpp */; };
		9342A88721BF1E5200657FA7 /* datProc.cpp in Sources */ = {isa = PBXBuildFile; fileRef = 9342A88521BF1E5200657FA7 /* datProc.cpp */; };
		9342A88B21C021DF00657FA7 /* dtafilter.cpp in Sources */ = {isa = PBXBuildFile; fileRef = 9342A87A21BE116900657FA7 /* dtafilter.cpp */; };
		93A61C7521BB325600364A03 /* scanData.cpp in Sources */ = {isa = PBXBuildFile; fileRef = 93A61C5A21BB325600364A03 /* scanData.cpp */; };
		93A61C7621BB325600364A03 /* utils.cpp in Sources */ = {isa = PBXBuildFile; fileRef = 93A61C5B21BB325600364A03 /* utils.cpp */; };
		93A61C7721BB325600364A03 /* geometry.cpp in Sources */ = {isa = PBXBuildFile; fileRef = 93A61C5C21BB325600364A03 /* geometry.cpp */; };
		93A61C7821BB325600364A03 /* aaDB.cpp in Sources */ = {isa = PBXBuildFile; fileRef = 93A61C5D21BB325600364A03 /* aaDB.cpp */; };
		93A61C7921BB325600364A03 /* sequestParams.cpp in Sources */ = {isa = PBXBuildFile; fileRef = 93A61C5E21BB325600364A03 /* sequestParams.cpp */; };
		93A61C7A21BB325600364A03 /* dtafilter.cpp in Sources */ = {isa = PBXBuildFile; fileRef = 93A61C5F21BB325600364A03 /* dtafilter.cpp */; };
		93A61C7B21BB325600364A03 /* peptide.cpp in Sources */ = {isa = PBXBuildFile; fileRef = 93A61C6021BB325600364A03 /* peptide.cpp */; };
		93A61C7C21BB325600364A03 /* ms2Spectrum.cpp in Sources */ = {isa = PBXBuildFile; fileRef = 93A61C6121BB325600364A03 /* ms2Spectrum.cpp */; };
		93A61C7D21BB325600364A03 /* calcLableLocs.cpp in Sources */ = {isa = PBXBuildFile; fileRef = 93A61C6221BB325600364A03 /* calcLableLocs.cpp */; };
		93A61C7E21BB325600364A03 /* ms2.cpp in Sources */ = {isa = PBXBuildFile; fileRef = 93A61C6321BB325600364A03 /* ms2.cpp */; };
		93A61CD121BDE07700364A03 /* main.cpp in Sources */ = {isa = PBXBuildFile; fileRef = 93A61CCF21BDE07700364A03 /* main.cpp */; };
		93A61CD221BDE07700364A03 /* params.cpp in Sources */ = {isa = PBXBuildFile; fileRef = 93A61CD021BDE07700364A03 /* params.cpp */; };
		93A61CDA21BDE0EF00364A03 /* main.cpp in Sources */ = {isa = PBXBuildFile; fileRef = 93A61CD821BDE0E500364A03 /* main.cpp */; };
		93A61CDE21BDE3F100364A03 /* params.cpp in Sources */ = {isa = PBXBuildFile; fileRef = 93A61CDC21BDE3F100364A03 /* params.cpp */; };
/* End PBXBuildFile section */

/* Begin PBXCopyFilesBuildPhase section */
		9398C2991E80B0C500B0AE23 /* CopyFiles */ = {
			isa = PBXCopyFilesBuildPhase;
			buildActionMask = 2147483647;
			dstPath = /usr/share/man/man1/;
			dstSubfolderSpec = 0;
			files = (
			);
			runOnlyForDeploymentPostprocessing = 1;
		};
		93A61C8321BDB8B500364A03 /* CopyFiles */ = {
			isa = PBXCopyFilesBuildPhase;
			buildActionMask = 2147483647;
			dstPath = /usr/share/man/man1/;
			dstSubfolderSpec = 0;
			files = (
			);
			runOnlyForDeploymentPostprocessing = 1;
		};
/* End PBXCopyFilesBuildPhase section */

/* Begin PBXFileReference section */
		9342A87821BDE64A00657FA7 /* paramsBase.hpp */ = {isa = PBXFileReference; lastKnownFileType = sourcecode.cpp.h; name = paramsBase.hpp; path = include/paramsBase.hpp; sourceTree = SOURCE_ROOT; };
		9342A87A21BE116900657FA7 /* dtafilter.cpp */ = {isa = PBXFileReference; lastKnownFileType = sourcecode.cpp.cpp; path = dtafilter.cpp; sourceTree = "<group>"; };
		9342A87B21BE116A00657FA7 /* dtafilter.hpp */ = {isa = PBXFileReference; lastKnownFileType = sourcecode.cpp.h; path = dtafilter.hpp; sourceTree = "<group>"; };
		9342A88521BF1E5200657FA7 /* datProc.cpp */ = {isa = PBXFileReference; lastKnownFileType = sourcecode.cpp.cpp; path = datProc.cpp; sourceTree = "<group>"; };
		9342A88621BF1E5200657FA7 /* datProc.hpp */ = {isa = PBXFileReference; lastKnownFileType = sourcecode.cpp.h; path = datProc.hpp; sourceTree = "<group>"; };
		9398C29B1E80B0C500B0AE23 /* ms2_anotator */ = {isa = PBXFileReference; explicitFileType = "compiled.mach-o.executable"; includeInIndex = 0; path = ms2_anotator; sourceTree = BUILT_PRODUCTS_DIR; };
		93A61C5A21BB325600364A03 /* scanData.cpp */ = {isa = PBXFileReference; fileEncoding = 4; lastKnownFileType = sourcecode.cpp.cpp; path = scanData.cpp; sourceTree = "<group>"; };
		93A61C5B21BB325600364A03 /* utils.cpp */ = {isa = PBXFileReference; fileEncoding = 4; lastKnownFileType = sourcecode.cpp.cpp; path = utils.cpp; sourceTree = "<group>"; };
		93A61C5C21BB325600364A03 /* geometry.cpp */ = {isa = PBXFileReference; fileEncoding = 4; lastKnownFileType = sourcecode.cpp.cpp; path = geometry.cpp; sourceTree = "<group>"; };
		93A61C5D21BB325600364A03 /* aaDB.cpp */ = {isa = PBXFileReference; fileEncoding = 4; lastKnownFileType = sourcecode.cpp.cpp; path = aaDB.cpp; sourceTree = "<group>"; };
		93A61C5E21BB325600364A03 /* sequestParams.cpp */ = {isa = PBXFileReference; fileEncoding = 4; lastKnownFileType = sourcecode.cpp.cpp; path = sequestParams.cpp; sourceTree = "<group>"; };
		93A61C5F21BB325600364A03 /* dtafilter.cpp */ = {isa = PBXFileReference; fileEncoding = 4; lastKnownFileType = sourcecode.cpp.cpp; path = dtafilter.cpp; sourceTree = "<group>"; };
		93A61C6021BB325600364A03 /* peptide.cpp */ = {isa = PBXFileReference; fileEncoding = 4; lastKnownFileType = sourcecode.cpp.cpp; path = peptide.cpp; sourceTree = "<group>"; };
		93A61C6121BB325600364A03 /* ms2Spectrum.cpp */ = {isa = PBXFileReference; fileEncoding = 4; lastKnownFileType = sourcecode.cpp.cpp; path = ms2Spectrum.cpp; sourceTree = "<group>"; };
		93A61C6221BB325600364A03 /* calcLableLocs.cpp */ = {isa = PBXFileReference; fileEncoding = 4; lastKnownFileType = sourcecode.cpp.cpp; path = calcLableLocs.cpp; sourceTree = "<group>"; };
		93A61C6321BB325600364A03 /* ms2.cpp */ = {isa = PBXFileReference; fileEncoding = 4; lastKnownFileType = sourcecode.cpp.cpp; path = ms2.cpp; sourceTree = "<group>"; };
		93A61C6721BB325600364A03 /* calcLableLocs.hpp */ = {isa = PBXFileReference; fileEncoding = 4; lastKnownFileType = sourcecode.cpp.h; path = calcLableLocs.hpp; sourceTree = "<group>"; };
		93A61C6821BB325600364A03 /* gitVersion.hpp */ = {isa = PBXFileReference; fileEncoding = 4; lastKnownFileType = sourcecode.cpp.h; path = gitVersion.hpp; sourceTree = "<group>"; };
		93A61C6921BB325600364A03 /* ms2.hpp */ = {isa = PBXFileReference; fileEncoding = 4; lastKnownFileType = sourcecode.cpp.h; path = ms2.hpp; sourceTree = "<group>"; };
		93A61C6C21BB325600364A03 /* ms2Spectrum.hpp */ = {isa = PBXFileReference; fileEncoding = 4; lastKnownFileType = sourcecode.cpp.h; path = ms2Spectrum.hpp; sourceTree = "<group>"; };
		93A61C6E21BB325600364A03 /* dtafilter.hpp */ = {isa = PBXFileReference; fileEncoding = 4; lastKnownFileType = sourcecode.cpp.h; path = dtafilter.hpp; sourceTree = "<group>"; };
		93A61C6F21BB325600364A03 /* peptide.hpp */ = {isa = PBXFileReference; fileEncoding = 4; lastKnownFileType = sourcecode.cpp.h; path = peptide.hpp; sourceTree = "<group>"; };
		93A61C7021BB325600364A03 /* scanData.hpp */ = {isa = PBXFileReference; fileEncoding = 4; lastKnownFileType = sourcecode.cpp.h; path = scanData.hpp; sourceTree = "<group>"; };
		93A61C7121BB325600364A03 /* geometry.hpp */ = {isa = PBXFileReference; fileEncoding = 4; lastKnownFileType = sourcecode.cpp.h; path = geometry.hpp; sourceTree = "<group>"; };
		93A61C7221BB325600364A03 /* utils.hpp */ = {isa = PBXFileReference; fileEncoding = 4; lastKnownFileType = sourcecode.cpp.h; path = utils.hpp; sourceTree = "<group>"; };
		93A61C7321BB325600364A03 /* aaDB.hpp */ = {isa = PBXFileReference; fileEncoding = 4; lastKnownFileType = sourcecode.cpp.h; path = aaDB.hpp; sourceTree = "<group>"; };
		93A61C7421BB325600364A03 /* sequestParams.hpp */ = {isa = PBXFileReference; fileEncoding = 4; lastKnownFileType = sourcecode.cpp.h; path = sequestParams.hpp; sourceTree = "<group>"; };
		93A61C8521BDB8B500364A03 /* citFinder */ = {isa = PBXFileReference; explicitFileType = "compiled.mach-o.executable"; includeInIndex = 0; path = citFinder; sourceTree = BUILT_PRODUCTS_DIR; };
		93A61CC921BDDFA700364A03 /* citFinder.hpp */ = {isa = PBXFileReference; lastKnownFileType = sourcecode.cpp.h; path = citFinder.hpp; sourceTree = "<group>"; };
		93A61CCB21BDDFA700364A03 /* main.hpp */ = {isa = PBXFileReference; lastKnownFileType = sourcecode.cpp.h; path = main.hpp; sourceTree = "<group>"; };
		93A61CCC21BDDFA700364A03 /* params.hpp */ = {isa = PBXFileReference; lastKnownFileType = sourcecode.cpp.h; path = params.hpp; sourceTree = "<group>"; };
		93A61CCD21BDDFA700364A03 /* ms2_annotator.hpp */ = {isa = PBXFileReference; lastKnownFileType = sourcecode.cpp.h; path = ms2_annotator.hpp; sourceTree = "<group>"; };
		93A61CCF21BDE07700364A03 /* main.cpp */ = {isa = PBXFileReference; fileEncoding = 4; lastKnownFileType = sourcecode.cpp.cpp; path = main.cpp; sourceTree = "<group>"; };
		93A61CD021BDE07700364A03 /* params.cpp */ = {isa = PBXFileReference; fileEncoding = 4; lastKnownFileType = sourcecode.cpp.cpp; path = params.cpp; sourceTree = "<group>"; };
		93A61CD821BDE0E500364A03 /* main.cpp */ = {isa = PBXFileReference; lastKnownFileType = sourcecode.cpp.cpp; path = main.cpp; sourceTree = "<group>"; };
		93A61CDB21BDE1A900364A03 /* main.hpp */ = {isa = PBXFileReference; lastKnownFileType = sourcecode.cpp.h; path = main.hpp; sourceTree = "<group>"; };
		93A61CDC21BDE3F100364A03 /* params.cpp */ = {isa = PBXFileReference; lastKnownFileType = sourcecode.cpp.cpp; path = params.cpp; sourceTree = "<group>"; };
		93A61CDD21BDE3F100364A03 /* params.hpp */ = {isa = PBXFileReference; lastKnownFileType = sourcecode.cpp.h; path = params.hpp; sourceTree = "<group>"; };
/* End PBXFileReference section */

/* Begin PBXFrameworksBuildPhase section */
		9398C2981E80B0C500B0AE23 /* Frameworks */ = {
			isa = PBXFrameworksBuildPhase;
			buildActionMask = 2147483647;
			files = (
			);
			runOnlyForDeploymentPostprocessing = 0;
		};
		93A61C8221BDB8B500364A03 /* Frameworks */ = {
			isa = PBXFrameworksBuildPhase;
			buildActionMask = 2147483647;
			files = (
			);
			runOnlyForDeploymentPostprocessing = 0;
		};
/* End PBXFrameworksBuildPhase section */

/* Begin PBXGroup section */
		9398C2921E80B0C500B0AE23 = {
			isa = PBXGroup;
			children = (
				93A61C6621BB325600364A03 /* include */,
				93A61C5921BB325600364A03 /* src */,
				9398C29C1E80B0C500B0AE23 /* Products */,
			);
			sourceTree = "<group>";
		};
		9398C29C1E80B0C500B0AE23 /* Products */ = {
			isa = PBXGroup;
			children = (
				9398C29B1E80B0C500B0AE23 /* ms2_anotator */,
				93A61C8521BDB8B500364A03 /* citFinder */,
			);
			name = Products;
			sourceTree = "<group>";
		};
		93A61C5921BB325600364A03 /* src */ = {
			isa = PBXGroup;
			children = (
				93A61CD921BDE0E500364A03 /* citFinder */,
				93A61CCE21BDE07700364A03 /* ms2_annotator */,
				93A61C5A21BB325600364A03 /* scanData.cpp */,
				9342A87A21BE116900657FA7 /* dtafilter.cpp */,
				93A61C5B21BB325600364A03 /* utils.cpp */,
				93A61C5C21BB325600364A03 /* geometry.cpp */,
				93A61C5D21BB325600364A03 /* aaDB.cpp */,
				93A61C5E21BB325600364A03 /* sequestParams.cpp */,
				93A61C6021BB325600364A03 /* peptide.cpp */,
				93A61C6121BB325600364A03 /* ms2Spectrum.cpp */,
				93A61C6221BB325600364A03 /* calcLableLocs.cpp */,
				93A61C6321BB325600364A03 /* ms2.cpp */,
			);
			path = src;
			sourceTree = "<group>";
		};
		93A61C6621BB325600364A03 /* include */ = {
			isa = PBXGroup;
			children = (
				93A61C6721BB325600364A03 /* calcLableLocs.hpp */,
				93A61C6821BB325600364A03 /* gitVersion.hpp */,
				93A61C6921BB325600364A03 /* ms2.hpp */,
				9342A87821BDE64A00657FA7 /* paramsBase.hpp */,
				9342A87B21BE116A00657FA7 /* dtafilter.hpp */,
				93A61CC821BDDFA700364A03 /* citFinder */,
				93A61CCA21BDDFA700364A03 /* ms2_annotator */,
				93A61C6C21BB325600364A03 /* ms2Spectrum.hpp */,
				93A61C6F21BB325600364A03 /* peptide.hpp */,
				93A61C7021BB325600364A03 /* scanData.hpp */,
				93A61C7121BB325600364A03 /* geometry.hpp */,
				93A61C7221BB325600364A03 /* utils.hpp */,
				93A61C7321BB325600364A03 /* aaDB.hpp */,
				93A61C7421BB325600364A03 /* sequestParams.hpp */,
			);
			path = include;
			sourceTree = "<group>";
		};
		93A61CC821BDDFA700364A03 /* citFinder */ = {
			isa = PBXGroup;
			children = (
				93A61CC921BDDFA700364A03 /* citFinder.hpp */,
				93A61CDD21BDE3F100364A03 /* params.hpp */,
				9342A88621BF1E5200657FA7 /* datProc.hpp */,
				93A61CDB21BDE1A900364A03 /* main.hpp */,
			);
			path = citFinder;
			sourceTree = "<group>";
		};
		93A61CCA21BDDFA700364A03 /* ms2_annotator */ = {
			isa = PBXGroup;
			children = (
				93A61C6E21BB325600364A03 /* dtafilter.hpp */,
				93A61CCB21BDDFA700364A03 /* main.hpp */,
				93A61CCC21BDDFA700364A03 /* params.hpp */,
				93A61CCD21BDDFA700364A03 /* ms2_annotator.hpp */,
			);
			path = ms2_annotator;
			sourceTree = "<group>";
		};
		93A61CCE21BDE07700364A03 /* ms2_annotator */ = {
			isa = PBXGroup;
			children = (
				93A61CCF21BDE07700364A03 /* main.cpp */,
				93A61CD021BDE07700364A03 /* params.cpp */,
				93A61C5F21BB325600364A03 /* dtafilter.cpp */,
			);
			path = ms2_annotator;
			sourceTree = "<group>";
		};
		93A61CD921BDE0E500364A03 /* citFinder */ = {
			isa = PBXGroup;
			children = (
				93A61CD821BDE0E500364A03 /* main.cpp */,
				9342A88521BF1E5200657FA7 /* datProc.cpp */,
				93A61CDC21BDE3F100364A03 /* params.cpp */,
			);
			name = citFinder;
			path = /Users/Aaron/local/ms2_anotator/src/citFinder;
			sourceTree = "<absolute>";
		};
/* End PBXGroup section */

/* Begin PBXNativeTarget section */
		9398C29A1E80B0C500B0AE23 /* ms2_anotator */ = {
			isa = PBXNativeTarget;
			buildConfigurationList = 9398C2A21E80B0C500B0AE23 /* Build configuration list for PBXNativeTarget "ms2_anotator" */;
			buildPhases = (
				9398C2971E80B0C500B0AE23 /* Sources */,
				9398C2981E80B0C500B0AE23 /* Frameworks */,
				9398C2991E80B0C500B0AE23 /* CopyFiles */,
			);
			buildRules = (
			);
			dependencies = (
			);
			name = ms2_anotator;
			productName = ms2_anotator;
			productReference = 9398C29B1E80B0C500B0AE23 /* ms2_anotator */;
			productType = "com.apple.product-type.tool";
		};
		93A61C8421BDB8B500364A03 /* citFinder */ = {
			isa = PBXNativeTarget;
			buildConfigurationList = 93A61C8B21BDB8B500364A03 /* Build configuration list for PBXNativeTarget "citFinder" */;
			buildPhases = (
				93A61C8121BDB8B500364A03 /* Sources */,
				93A61C8221BDB8B500364A03 /* Frameworks */,
				93A61C8321BDB8B500364A03 /* CopyFiles */,
			);
			buildRules = (
			);
			dependencies = (
			);
			name = citFinder;
			productName = citFinder;
			productReference = 93A61C8521BDB8B500364A03 /* citFinder */;
			productType = "com.apple.product-type.tool";
		};
/* End PBXNativeTarget section */

/* Begin PBXProject section */
		9398C2931E80B0C500B0AE23 /* Project object */ = {
			isa = PBXProject;
			attributes = {
				LastUpgradeCheck = 1010;
				ORGANIZATIONNAME = "Aaron Maurais";
				TargetAttributes = {
					9398C29A1E80B0C500B0AE23 = {
						CreatedOnToolsVersion = 8.2.1;
						ProvisioningStyle = Automatic;
					};
					93A61C8421BDB8B500364A03 = {
						CreatedOnToolsVersion = 10.1;
						ProvisioningStyle = Automatic;
					};
				};
			};
			buildConfigurationList = 9398C2961E80B0C500B0AE23 /* Build configuration list for PBXProject "ms2_anotator" */;
			compatibilityVersion = "Xcode 3.2";
			developmentRegion = English;
			hasScannedForEncodings = 0;
			knownRegions = (
				en,
			);
			mainGroup = 9398C2921E80B0C500B0AE23;
			productRefGroup = 9398C29C1E80B0C500B0AE23 /* Products */;
			projectDirPath = "";
			projectRoot = "";
			targets = (
				9398C29A1E80B0C500B0AE23 /* ms2_anotator */,
				93A61C8421BDB8B500364A03 /* citFinder */,
			);
		};
/* End PBXProject section */

/* Begin PBXSourcesBuildPhase section */
		9398C2971E80B0C500B0AE23 /* Sources */ = {
			isa = PBXSourcesBuildPhase;
			buildActionMask = 2147483647;
			files = (
				93A61C7B21BB325600364A03 /* peptide.cpp in Sources */,
				93A61C7D21BB325600364A03 /* calcLableLocs.cpp in Sources */,
				93A61C7521BB325600364A03 /* scanData.cpp in Sources */,
				9342A88B21C021DF00657FA7 /* dtafilter.cpp in Sources */,
				93A61C7A21BB325600364A03 /* dtafilter.cpp in Sources */,
				93A61CD121BDE07700364A03 /* main.cpp in Sources */,
				93A61C7E21BB325600364A03 /* ms2.cpp in Sources */,
				93A61C7921BB325600364A03 /* sequestParams.cpp in Sources */,
				93A61C7821BB325600364A03 /* aaDB.cpp in Sources */,
				93A61C7C21BB325600364A03 /* ms2Spectrum.cpp in Sources */,
				93A61C7621BB325600364A03 /* utils.cpp in Sources */,
				93A61C7721BB325600364A03 /* geometry.cpp in Sources */,
				93A61CD221BDE07700364A03 /* params.cpp in Sources */,
			);
			runOnlyForDeploymentPostprocessing = 0;
		};
		93A61C8121BDB8B500364A03 /* Sources */ = {
			isa = PBXSourcesBuildPhase;
			buildActionMask = 2147483647;
			files = (
				9342A88321BF059100657FA7 /* calcLableLocs.cpp in Sources */,
				9342A88021BEEEDC00657FA7 /* sequestParams.cpp in Sources */,
				9342A87921BDFA1F00657FA7 /* utils.cpp in Sources */,
				9342A87C21BE116A00657FA7 /* dtafilter.cpp in Sources */,
				9342A88221BF058100657FA7 /* ms2Spectrum.cpp in Sources */,
				9342A88421BF05A200657FA7 /* geometry.cpp in Sources */,
				9342A88721BF1E5200657FA7 /* datProc.cpp in Sources */,
				9342A88121BF056800657FA7 /* ms2.cpp in Sources */,
				93A61CDE21BDE3F100364A03 /* params.cpp in Sources */,
				9342A87D21BE1EB400657FA7 /* scanData.cpp in Sources */,
				9342A87F21BEEECC00657FA7 /* aaDB.cpp in Sources */,
				9342A87E21BEEC0200657FA7 /* peptide.cpp in Sources */,
				93A61CDA21BDE0EF00364A03 /* main.cpp in Sources */,
			);
			runOnlyForDeploymentPostprocessing = 0;
		};
/* End PBXSourcesBuildPhase section */

/* Begin XCBuildConfiguration section */
		9398C2A01E80B0C500B0AE23 /* Debug */ = {
			isa = XCBuildConfiguration;
			buildSettings = {
				ALWAYS_SEARCH_USER_PATHS = NO;
				CLANG_ANALYZER_NONNULL = YES;
				CLANG_CXX_LANGUAGE_STANDARD = "gnu++0x";
				CLANG_CXX_LIBRARY = "libc++";
				CLANG_ENABLE_MODULES = YES;
				CLANG_ENABLE_OBJC_ARC = YES;
				CLANG_WARN_BLOCK_CAPTURE_AUTORELEASING = YES;
				CLANG_WARN_BOOL_CONVERSION = YES;
				CLANG_WARN_COMMA = YES;
				CLANG_WARN_CONSTANT_CONVERSION = YES;
				CLANG_WARN_DEPRECATED_OBJC_IMPLEMENTATIONS = YES;
				CLANG_WARN_DIRECT_OBJC_ISA_USAGE = YES_ERROR;
				CLANG_WARN_DOCUMENTATION_COMMENTS = YES;
				CLANG_WARN_EMPTY_BODY = YES;
				CLANG_WARN_ENUM_CONVERSION = YES;
				CLANG_WARN_INFINITE_RECURSION = YES;
				CLANG_WARN_INT_CONVERSION = YES;
				CLANG_WARN_NON_LITERAL_NULL_CONVERSION = YES;
				CLANG_WARN_OBJC_IMPLICIT_RETAIN_SELF = YES;
				CLANG_WARN_OBJC_LITERAL_CONVERSION = YES;
				CLANG_WARN_OBJC_ROOT_CLASS = YES_ERROR;
				CLANG_WARN_RANGE_LOOP_ANALYSIS = YES;
				CLANG_WARN_STRICT_PROTOTYPES = YES;
				CLANG_WARN_SUSPICIOUS_MOVE = YES;
				CLANG_WARN_UNREACHABLE_CODE = YES;
				CLANG_WARN__DUPLICATE_METHOD_MATCH = YES;
				CODE_SIGN_IDENTITY = "-";
				COPY_PHASE_STRIP = NO;
				DEBUG_INFORMATION_FORMAT = dwarf;
				ENABLE_STRICT_OBJC_MSGSEND = YES;
				ENABLE_TESTABILITY = YES;
				GCC_C_LANGUAGE_STANDARD = gnu99;
				GCC_DYNAMIC_NO_PIC = NO;
				GCC_NO_COMMON_BLOCKS = YES;
				GCC_OPTIMIZATION_LEVEL = 0;
				GCC_PREPROCESSOR_DEFINITIONS = (
					"DEBUG=1",
					"$(inherited)",
				);
				GCC_WARN_64_TO_32_BIT_CONVERSION = YES;
				GCC_WARN_ABOUT_RETURN_TYPE = YES_ERROR;
				GCC_WARN_UNDECLARED_SELECTOR = YES;
				GCC_WARN_UNINITIALIZED_AUTOS = YES_AGGRESSIVE;
				GCC_WARN_UNUSED_FUNCTION = YES;
				GCC_WARN_UNUSED_VARIABLE = YES;
				HEADER_SEARCH_PATHS = /Users/Aaron/local/ms2_anotator/include;
				MACOSX_DEPLOYMENT_TARGET = 10.12;
				MTL_ENABLE_DEBUG_INFO = YES;
				ONLY_ACTIVE_ARCH = YES;
				SDKROOT = macosx;
			};
			name = Debug;
		};
		9398C2A11E80B0C500B0AE23 /* Release */ = {
			isa = XCBuildConfiguration;
			buildSettings = {
				ALWAYS_SEARCH_USER_PATHS = NO;
				CLANG_ANALYZER_NONNULL = YES;
				CLANG_CXX_LANGUAGE_STANDARD = "gnu++0x";
				CLANG_CXX_LIBRARY = "libc++";
				CLANG_ENABLE_MODULES = YES;
				CLANG_ENABLE_OBJC_ARC = YES;
				CLANG_WARN_BLOCK_CAPTURE_AUTORELEASING = YES;
				CLANG_WARN_BOOL_CONVERSION = YES;
				CLANG_WARN_COMMA = YES;
				CLANG_WARN_CONSTANT_CONVERSION = YES;
				CLANG_WARN_DEPRECATED_OBJC_IMPLEMENTATIONS = YES;
				CLANG_WARN_DIRECT_OBJC_ISA_USAGE = YES_ERROR;
				CLANG_WARN_DOCUMENTATION_COMMENTS = YES;
				CLANG_WARN_EMPTY_BODY = YES;
				CLANG_WARN_ENUM_CONVERSION = YES;
				CLANG_WARN_INFINITE_RECURSION = YES;
				CLANG_WARN_INT_CONVERSION = YES;
				CLANG_WARN_NON_LITERAL_NULL_CONVERSION = YES;
				CLANG_WARN_OBJC_IMPLICIT_RETAIN_SELF = YES;
				CLANG_WARN_OBJC_LITERAL_CONVERSION = YES;
				CLANG_WARN_OBJC_ROOT_CLASS = YES_ERROR;
				CLANG_WARN_RANGE_LOOP_ANALYSIS = YES;
				CLANG_WARN_STRICT_PROTOTYPES = YES;
				CLANG_WARN_SUSPICIOUS_MOVE = YES;
				CLANG_WARN_UNREACHABLE_CODE = YES;
				CLANG_WARN__DUPLICATE_METHOD_MATCH = YES;
				CODE_SIGN_IDENTITY = "-";
				COPY_PHASE_STRIP = NO;
				DEBUG_INFORMATION_FORMAT = "dwarf-with-dsym";
				ENABLE_NS_ASSERTIONS = NO;
				ENABLE_STRICT_OBJC_MSGSEND = YES;
				GCC_C_LANGUAGE_STANDARD = gnu99;
				GCC_NO_COMMON_BLOCKS = YES;
				GCC_WARN_64_TO_32_BIT_CONVERSION = YES;
				GCC_WARN_ABOUT_RETURN_TYPE = YES_ERROR;
				GCC_WARN_UNDECLARED_SELECTOR = YES;
				GCC_WARN_UNINITIALIZED_AUTOS = YES_AGGRESSIVE;
				GCC_WARN_UNUSED_FUNCTION = YES;
				GCC_WARN_UNUSED_VARIABLE = YES;
				HEADER_SEARCH_PATHS = /Users/Aaron/local/ms2_anotator/include;
				MACOSX_DEPLOYMENT_TARGET = 10.12;
				MTL_ENABLE_DEBUG_INFO = NO;
				SDKROOT = macosx;
			};
			name = Release;
		};
		9398C2A31E80B0C500B0AE23 /* Debug */ = {
			isa = XCBuildConfiguration;
			buildSettings = {
				HEADER_SEARCH_PATHS = /Users/Aaron/local/ms2_anotator/include;
				PRODUCT_NAME = "$(TARGET_NAME)";
			};
			name = Debug;
		};
		9398C2A41E80B0C500B0AE23 /* Release */ = {
			isa = XCBuildConfiguration;
			buildSettings = {
				HEADER_SEARCH_PATHS = /Users/Aaron/local/ms2_anotator/include;
				PRODUCT_NAME = "$(TARGET_NAME)";
			};
			name = Release;
		};
		93A61C8921BDB8B500364A03 /* Debug */ = {
			isa = XCBuildConfiguration;
			buildSettings = {
				CLANG_ANALYZER_NUMBER_OBJECT_CONVERSION = YES_AGGRESSIVE;
				CLANG_CXX_LANGUAGE_STANDARD = "gnu++14";
				CLANG_ENABLE_OBJC_WEAK = YES;
				CLANG_WARN_UNGUARDED_AVAILABILITY = YES_AGGRESSIVE;
				CODE_SIGN_STYLE = Automatic;
				GCC_C_LANGUAGE_STANDARD = gnu11;
				MACOSX_DEPLOYMENT_TARGET = 10.14;
				MTL_ENABLE_DEBUG_INFO = INCLUDE_SOURCE;
				MTL_FAST_MATH = YES;
				PRODUCT_NAME = "$(TARGET_NAME)";
			};
			name = Debug;
		};
		93A61C8A21BDB8B500364A03 /* Release */ = {
			isa = XCBuildConfiguration;
			buildSettings = {
				CLANG_ANALYZER_NUMBER_OBJECT_CONVERSION = YES_AGGRESSIVE;
				CLANG_CXX_LANGUAGE_STANDARD = "gnu++14";
				CLANG_ENABLE_OBJC_WEAK = YES;
				CLANG_WARN_UNGUARDED_AVAILABILITY = YES_AGGRESSIVE;
				CODE_SIGN_STYLE = Automatic;
				GCC_C_LANGUAGE_STANDARD = gnu11;
				MACOSX_DEPLOYMENT_TARGET = 10.14;
				MTL_FAST_MATH = YES;
				PRODUCT_NAME = "$(TARGET_NAME)";
			};
			name = Release;
		};
/* End XCBuildConfiguration section */

/* Begin XCConfigurationList section */
		9398C2961E80B0C500B0AE23 /* Build configuration list for PBXProject "ms2_anotator" */ = {
			isa = XCConfigurationList;
			buildConfigurations = (
				9398C2A01E80B0C500B0AE23 /* Debug */,
				9398C2A11E80B0C500B0AE23 /* Release */,
			);
			defaultConfigurationIsVisible = 0;
			defaultConfigurationName = Release;
		};
		9398C2A21E80B0C500B0AE23 /* Build configuration list for PBXNativeTarget "ms2_anotator" */ = {
			isa = XCConfigurationList;
			buildConfigurations = (
				9398C2A31E80B0C500B0AE23 /* Debug */,
				9398C2A41E80B0C500B0AE23 /* Release */,
			);
			defaultConfigurationIsVisible = 0;
			defaultConfigurationName = Release;
		};
		93A61C8B21BDB8B500364A03 /* Build configuration list for PBXNativeTarget "citFinder" */ = {
			isa = XCConfigurationList;
			buildConfigurations = (
				93A61C8921BDB8B500364A03 /* Debug */,
				93A61C8A21BDB8B500364A03 /* Release */,
			);
			defaultConfigurationIsVisible = 0;
			defaultConfigurationName = Release;
		};
/* End XCConfigurationList section */
	};
	rootObject = 9398C2931E80B0C500B0AE23 /* Project object */;
}
